// !$*UTF8*$!
{
	archiveVersion = 1;
	classes = {
	};
	objectVersion = 50;
	objects = {

/* Begin PBXBuildFile section */
		D479AFFC2578E4A5007DBC3A /* AppDelegate.m in Sources */ = {isa = PBXBuildFile; fileRef = D479AFFB2578E4A5007DBC3A /* AppDelegate.m */; };
		D479AFFF2578E4A5007DBC3A /* SceneDelegate.m in Sources */ = {isa = PBXBuildFile; fileRef = D479AFFE2578E4A5007DBC3A /* SceneDelegate.m */; };
		D479B0022578E4A5007DBC3A /* ViewController.m in Sources */ = {isa = PBXBuildFile; fileRef = D479B0012578E4A5007DBC3A /* ViewController.m */; };
		D479B0052578E4A5007DBC3A /* Main.storyboard in Resources */ = {isa = PBXBuildFile; fileRef = D479B0032578E4A5007DBC3A /* Main.storyboard */; };
		D479B0072578E4A6007DBC3A /* Assets.xcassets in Resources */ = {isa = PBXBuildFile; fileRef = D479B0062578E4A6007DBC3A /* Assets.xcassets */; };
		D479B00A2578E4A6007DBC3A /* LaunchScreen.storyboard in Resources */ = {isa = PBXBuildFile; fileRef = D479B0082578E4A6007DBC3A /* LaunchScreen.storyboard */; };
		D479B00D2578E4A6007DBC3A /* main.m in Sources */ = {isa = PBXBuildFile; fileRef = D479B00C2578E4A6007DBC3A /* main.m */; };
		D479B01F25790F8C007DBC3A /* CoreVideo.framework in Frameworks */ = {isa = PBXBuildFile; fileRef = D479B01B25790F8C007DBC3A /* CoreVideo.framework */; };
		D479B02025790F8C007DBC3A /* CoreMedia.framework in Frameworks */ = {isa = PBXBuildFile; fileRef = D479B01C25790F8C007DBC3A /* CoreMedia.framework */; };
		D479B02125790F8C007DBC3A /* AVFoundation.framework in Frameworks */ = {isa = PBXBuildFile; fileRef = D479B01D25790F8C007DBC3A /* AVFoundation.framework */; };
		D479B02225790F8C007DBC3A /* QuartzCore.framework in Frameworks */ = {isa = PBXBuildFile; fileRef = D479B01E25790F8C007DBC3A /* QuartzCore.framework */; };
		D479B032257A4DAC007DBC3A /* HandTrackingFramework.framework in Frameworks */ = {isa = PBXBuildFile; fileRef = D479B0142578E51E007DBC3A /* HandTrackingFramework.framework */; };
		D479B033257A4DAC007DBC3A /* HandTrackingFramework.framework in Embed Frameworks */ = {isa = PBXBuildFile; fileRef = D479B0142578E51E007DBC3A /* HandTrackingFramework.framework */; settings = {ATTRIBUTES = (CodeSignOnCopy, RemoveHeadersOnCopy, ); }; };
/* End PBXBuildFile section */

/* Begin PBXCopyFilesBuildPhase section */
		D479B034257A4DAC007DBC3A /* Embed Frameworks */ = {
			isa = PBXCopyFilesBuildPhase;
			buildActionMask = 2147483647;
			dstPath = "";
			dstSubfolderSpec = 10;
			files = (
				D479B033257A4DAC007DBC3A /* HandTrackingFramework.framework in Embed Frameworks */,
			);
			name = "Embed Frameworks";
			runOnlyForDeploymentPostprocessing = 0;
		};
/* End PBXCopyFilesBuildPhase section */

/* Begin PBXFileReference section */
		D479AFF72578E4A5007DBC3A /* handtrackingios.app */ = {isa = PBXFileReference; explicitFileType = wrapper.application; includeInIndex = 0; path = handtrackingios.app; sourceTree = BUILT_PRODUCTS_DIR; };
		D479AFFA2578E4A5007DBC3A /* AppDelegate.h */ = {isa = PBXFileReference; lastKnownFileType = sourcecode.c.h; path = AppDelegate.h; sourceTree = "<group>"; };
		D479AFFB2578E4A5007DBC3A /* AppDelegate.m */ = {isa = PBXFileReference; lastKnownFileType = sourcecode.c.objc; path = AppDelegate.m; sourceTree = "<group>"; };
		D479AFFD2578E4A5007DBC3A /* SceneDelegate.h */ = {isa = PBXFileReference; lastKnownFileType = sourcecode.c.h; path = SceneDelegate.h; sourceTree = "<group>"; };
		D479AFFE2578E4A5007DBC3A /* SceneDelegate.m */ = {isa = PBXFileReference; lastKnownFileType = sourcecode.c.objc; path = SceneDelegate.m; sourceTree = "<group>"; };
		D479B0002578E4A5007DBC3A /* ViewController.h */ = {isa = PBXFileReference; lastKnownFileType = sourcecode.c.h; path = ViewController.h; sourceTree = "<group>"; };
		D479B0012578E4A5007DBC3A /* ViewController.m */ = {isa = PBXFileReference; lastKnownFileType = sourcecode.c.objc; path = ViewController.m; sourceTree = "<group>"; };
		D479B0042578E4A5007DBC3A /* Base */ = {isa = PBXFileReference; lastKnownFileType = file.storyboard; name = Base; path = Base.lproj/Main.storyboard; sourceTree = "<group>"; };
		D479B0062578E4A6007DBC3A /* Assets.xcassets */ = {isa = PBXFileReference; lastKnownFileType = folder.assetcatalog; path = Assets.xcassets; sourceTree = "<group>"; };
		D479B0092578E4A6007DBC3A /* Base */ = {isa = PBXFileReference; lastKnownFileType = file.storyboard; name = Base; path = Base.lproj/LaunchScreen.storyboard; sourceTree = "<group>"; };
		D479B00B2578E4A6007DBC3A /* Info.plist */ = {isa = PBXFileReference; lastKnownFileType = text.plist.xml; path = Info.plist; sourceTree = "<group>"; };
		D479B00C2578E4A6007DBC3A /* main.m */ = {isa = PBXFileReference; lastKnownFileType = sourcecode.c.objc; path = main.m; sourceTree = "<group>"; };
		D479B0142578E51E007DBC3A /* HandTrackingFramework.framework */ = {isa = PBXFileReference; lastKnownFileType = wrapper.framework; name = HandTrackingFramework.framework; path = handtrackingios/HandTrackingFramework.framework; sourceTree = "<group>"; };
		D479B01B25790F8C007DBC3A /* CoreVideo.framework */ = {isa = PBXFileReference; lastKnownFileType = wrapper.framework; name = CoreVideo.framework; path = System/Library/Frameworks/CoreVideo.framework; sourceTree = SDKROOT; };
		D479B01C25790F8C007DBC3A /* CoreMedia.framework */ = {isa = PBXFileReference; lastKnownFileType = wrapper.framework; name = CoreMedia.framework; path = System/Library/Frameworks/CoreMedia.framework; sourceTree = SDKROOT; };
		D479B01D25790F8C007DBC3A /* AVFoundation.framework */ = {isa = PBXFileReference; lastKnownFileType = wrapper.framework; name = AVFoundation.framework; path = System/Library/Frameworks/AVFoundation.framework; sourceTree = SDKROOT; };
		D479B01E25790F8C007DBC3A /* QuartzCore.framework */ = {isa = PBXFileReference; lastKnownFileType = wrapper.framework; name = QuartzCore.framework; path = System/Library/Frameworks/QuartzCore.framework; sourceTree = SDKROOT; };
		D479B023257A0AE1007DBC3A /* HandTracker.framework */ = {isa = PBXFileReference; lastKnownFileType = wrapper.framework; name = HandTracker.framework; path = handtrackingios/HandTracker.framework; sourceTree = "<group>"; };
/* End PBXFileReference section */

/* Begin PBXFrameworksBuildPhase section */
		D479AFF42578E4A5007DBC3A /* Frameworks */ = {
			isa = PBXFrameworksBuildPhase;
			buildActionMask = 2147483647;
			files = (
				D479B02225790F8C007DBC3A /* QuartzCore.framework in Frameworks */,
				D479B02125790F8C007DBC3A /* AVFoundation.framework in Frameworks */,
				D479B02025790F8C007DBC3A /* CoreMedia.framework in Frameworks */,
				D479B01F25790F8C007DBC3A /* CoreVideo.framework in Frameworks */,
				D479B032257A4DAC007DBC3A /* HandTrackingFramework.framework in Frameworks */,
			);
			runOnlyForDeploymentPostprocessing = 0;
		};
/* End PBXFrameworksBuildPhase section */

/* Begin PBXGroup section */
		D479AFEE2578E4A5007DBC3A = {
			isa = PBXGroup;
			children = (
				D479AFF92578E4A5007DBC3A /* handtrackingios */,
				D479AFF82578E4A5007DBC3A /* Products */,
				D479B0132578E51E007DBC3A /* Frameworks */,
			);
			sourceTree = "<group>";
		};
		D479AFF82578E4A5007DBC3A /* Products */ = {
			isa = PBXGroup;
			children = (
				D479AFF72578E4A5007DBC3A /* handtrackingios.app */,
			);
			name = Products;
			sourceTree = "<group>";
		};
		D479AFF92578E4A5007DBC3A /* handtrackingios */ = {
			isa = PBXGroup;
			children = (
				D479AFFA2578E4A5007DBC3A /* AppDelegate.h */,
				D479AFFB2578E4A5007DBC3A /* AppDelegate.m */,
				D479AFFD2578E4A5007DBC3A /* SceneDelegate.h */,
				D479AFFE2578E4A5007DBC3A /* SceneDelegate.m */,
				D479B0002578E4A5007DBC3A /* ViewController.h */,
				D479B0012578E4A5007DBC3A /* ViewController.m */,
				D479B0032578E4A5007DBC3A /* Main.storyboard */,
				D479B0062578E4A6007DBC3A /* Assets.xcassets */,
				D479B0082578E4A6007DBC3A /* LaunchScreen.storyboard */,
				D479B00B2578E4A6007DBC3A /* Info.plist */,
				D479B00C2578E4A6007DBC3A /* main.m */,
			);
			path = handtrackingios;
			sourceTree = "<group>";
		};
		D479B0132578E51E007DBC3A /* Frameworks */ = {
			isa = PBXGroup;
			children = (
				D479B023257A0AE1007DBC3A /* HandTracker.framework */,
				D479B01D25790F8C007DBC3A /* AVFoundation.framework */,
				D479B01C25790F8C007DBC3A /* CoreMedia.framework */,
				D479B01B25790F8C007DBC3A /* CoreVideo.framework */,
				D479B01E25790F8C007DBC3A /* QuartzCore.framework */,
				D479B0142578E51E007DBC3A /* HandTrackingFramework.framework */,
			);
			name = Frameworks;
			sourceTree = "<group>";
		};
/* End PBXGroup section */

/* Begin PBXNativeTarget section */
		D479AFF62578E4A5007DBC3A /* handtrackingios */ = {
			isa = PBXNativeTarget;
			buildConfigurationList = D479B0102578E4A6007DBC3A /* Build configuration list for PBXNativeTarget "handtrackingios" */;
			buildPhases = (
				D479AFF32578E4A5007DBC3A /* Sources */,
				D479AFF42578E4A5007DBC3A /* Frameworks */,
				D479AFF52578E4A5007DBC3A /* Resources */,
				D479B034257A4DAC007DBC3A /* Embed Frameworks */,
			);
			buildRules = (
			);
			dependencies = (
			);
			name = handtrackingios;
			productName = handtrackingios;
			productReference = D479AFF72578E4A5007DBC3A /* handtrackingios.app */;
			productType = "com.apple.product-type.application";
		};
/* End PBXNativeTarget section */

/* Begin PBXProject section */
		D479AFEF2578E4A5007DBC3A /* Project object */ = {
			isa = PBXProject;
			attributes = {
				LastUpgradeCheck = 1130;
				ORGANIZATIONNAME = com.lyg.mediapipe;
				TargetAttributes = {
					D479AFF62578E4A5007DBC3A = {
						CreatedOnToolsVersion = 11.3.1;
					};
				};
			};
			buildConfigurationList = D479AFF22578E4A5007DBC3A /* Build configuration list for PBXProject "handtrackingios" */;
			compatibilityVersion = "Xcode 9.3";
			developmentRegion = en;
			hasScannedForEncodings = 0;
			knownRegions = (
				en,
				Base,
			);
			mainGroup = D479AFEE2578E4A5007DBC3A;
			productRefGroup = D479AFF82578E4A5007DBC3A /* Products */;
			projectDirPath = "";
			projectRoot = "";
			targets = (
				D479AFF62578E4A5007DBC3A /* handtrackingios */,
			);
		};
/* End PBXProject section */

/* Begin PBXResourcesBuildPhase section */
		D479AFF52578E4A5007DBC3A /* Resources */ = {
			isa = PBXResourcesBuildPhase;
			buildActionMask = 2147483647;
			files = (
				D479B00A2578E4A6007DBC3A /* LaunchScreen.storyboard in Resources */,
				D479B0072578E4A6007DBC3A /* Assets.xcassets in Resources */,
				D479B0052578E4A5007DBC3A /* Main.storyboard in Resources */,
			);
			runOnlyForDeploymentPostprocessing = 0;
		};
/* End PBXResourcesBuildPhase section */

/* Begin PBXSourcesBuildPhase section */
		D479AFF32578E4A5007DBC3A /* Sources */ = {
			isa = PBXSourcesBuildPhase;
			buildActionMask = 2147483647;
			files = (
				D479B0022578E4A5007DBC3A /* ViewController.m in Sources */,
				D479AFFC2578E4A5007DBC3A /* AppDelegate.m in Sources */,
				D479B00D2578E4A6007DBC3A /* main.m in Sources */,
				D479AFFF2578E4A5007DBC3A /* SceneDelegate.m in Sources */,
			);
			runOnlyForDeploymentPostprocessing = 0;
		};
/* End PBXSourcesBuildPhase section */

/* Begin PBXVariantGroup section */
		D479B0032578E4A5007DBC3A /* Main.storyboard */ = {
			isa = PBXVariantGroup;
			children = (
				D479B0042578E4A5007DBC3A /* Base */,
			);
			name = Main.storyboard;
			sourceTree = "<group>";
		};
		D479B0082578E4A6007DBC3A /* LaunchScreen.storyboard */ = {
			isa = PBXVariantGroup;
			children = (
				D479B0092578E4A6007DBC3A /* Base */,
			);
			name = LaunchScreen.storyboard;
			sourceTree = "<group>";
		};
/* End PBXVariantGroup section */

/* Begin XCBuildConfiguration section */
		D479B00E2578E4A6007DBC3A /* Debug */ = {
			isa = XCBuildConfiguration;
			buildSettings = {
				ALWAYS_SEARCH_USER_PATHS = NO;
				CLANG_ANALYZER_NONNULL = YES;
				CLANG_ANALYZER_NUMBER_OBJECT_CONVERSION = YES_AGGRESSIVE;
				CLANG_CXX_LANGUAGE_STANDARD = "gnu++14";
				CLANG_CXX_LIBRARY = "libc++";
				CLANG_ENABLE_MODULES = YES;
				CLANG_ENABLE_OBJC_ARC = YES;
				CLANG_ENABLE_OBJC_WEAK = YES;
				CLANG_WARN_BLOCK_CAPTURE_AUTORELEASING = YES;
				CLANG_WARN_BOOL_CONVERSION = YES;
				CLANG_WARN_COMMA = YES;
				CLANG_WARN_CONSTANT_CONVERSION = YES;
				CLANG_WARN_DEPRECATED_OBJC_IMPLEMENTATIONS = YES;
				CLANG_WARN_DIRECT_OBJC_ISA_USAGE = YES_ERROR;
				CLANG_WARN_DOCUMENTATION_COMMENTS = YES;
				CLANG_WARN_EMPTY_BODY = YES;
				CLANG_WARN_ENUM_CONVERSION = YES;
				CLANG_WARN_INFINITE_RECURSION = YES;
				CLANG_WARN_INT_CONVERSION = YES;
				CLANG_WARN_NON_LITERAL_NULL_CONVERSION = YES;
				CLANG_WARN_OBJC_IMPLICIT_RETAIN_SELF = YES;
				CLANG_WARN_OBJC_LITERAL_CONVERSION = YES;
				CLANG_WARN_OBJC_ROOT_CLASS = YES_ERROR;
				CLANG_WARN_RANGE_LOOP_ANALYSIS = YES;
				CLANG_WARN_STRICT_PROTOTYPES = YES;
				CLANG_WARN_SUSPICIOUS_MOVE = YES;
				CLANG_WARN_UNGUARDED_AVAILABILITY = YES_AGGRESSIVE;
				CLANG_WARN_UNREACHABLE_CODE = YES;
				CLANG_WARN__DUPLICATE_METHOD_MATCH = YES;
				COPY_PHASE_STRIP = NO;
				DEBUG_INFORMATION_FORMAT = dwarf;
				ENABLE_STRICT_OBJC_MSGSEND = YES;
				ENABLE_TESTABILITY = YES;
				GCC_C_LANGUAGE_STANDARD = gnu11;
				GCC_DYNAMIC_NO_PIC = NO;
				GCC_NO_COMMON_BLOCKS = YES;
				GCC_OPTIMIZATION_LEVEL = 0;
				GCC_PREPROCESSOR_DEFINITIONS = (
					"DEBUG=1",
					"$(inherited)",
				);
				GCC_WARN_64_TO_32_BIT_CONVERSION = YES;
				GCC_WARN_ABOUT_RETURN_TYPE = YES_ERROR;
				GCC_WARN_UNDECLARED_SELECTOR = YES;
				GCC_WARN_UNINITIALIZED_AUTOS = YES_AGGRESSIVE;
				GCC_WARN_UNUSED_FUNCTION = YES;
				GCC_WARN_UNUSED_VARIABLE = YES;
				IPHONEOS_DEPLOYMENT_TARGET = 13.2;
				MTL_ENABLE_DEBUG_INFO = INCLUDE_SOURCE;
				MTL_FAST_MATH = YES;
				ONLY_ACTIVE_ARCH = YES;
				SDKROOT = iphoneos;
			};
			name = Debug;
		};
		D479B00F2578E4A6007DBC3A /* Release */ = {
			isa = XCBuildConfiguration;
			buildSettings = {
				ALWAYS_SEARCH_USER_PATHS = NO;
				CLANG_ANALYZER_NONNULL = YES;
				CLANG_ANALYZER_NUMBER_OBJECT_CONVERSION = YES_AGGRESSIVE;
				CLANG_CXX_LANGUAGE_STANDARD = "gnu++14";
				CLANG_CXX_LIBRARY = "libc++";
				CLANG_ENABLE_MODULES = YES;
				CLANG_ENABLE_OBJC_ARC = YES;
				CLANG_ENABLE_OBJC_WEAK = YES;
				CLANG_WARN_BLOCK_CAPTURE_AUTORELEASING = YES;
				CLANG_WARN_BOOL_CONVERSION = YES;
				CLANG_WARN_COMMA = YES;
				CLANG_WARN_CONSTANT_CONVERSION = YES;
				CLANG_WARN_DEPRECATED_OBJC_IMPLEMENTATIONS = YES;
				CLANG_WARN_DIRECT_OBJC_ISA_USAGE = YES_ERROR;
				CLANG_WARN_DOCUMENTATION_COMMENTS = YES;
				CLANG_WARN_EMPTY_BODY = YES;
				CLANG_WARN_ENUM_CONVERSION = YES;
				CLANG_WARN_INFINITE_RECURSION = YES;
				CLANG_WARN_INT_CONVERSION = YES;
				CLANG_WARN_NON_LITERAL_NULL_CONVERSION = YES;
				CLANG_WARN_OBJC_IMPLICIT_RETAIN_SELF = YES;
				CLANG_WARN_OBJC_LITERAL_CONVERSION = YES;
				CLANG_WARN_OBJC_ROOT_CLASS = YES_ERROR;
				CLANG_WARN_RANGE_LOOP_ANALYSIS = YES;
				CLANG_WARN_STRICT_PROTOTYPES = YES;
				CLANG_WARN_SUSPICIOUS_MOVE = YES;
				CLANG_WARN_UNGUARDED_AVAILABILITY = YES_AGGRESSIVE;
				CLANG_WARN_UNREACHABLE_CODE = YES;
				CLANG_WARN__DUPLICATE_METHOD_MATCH = YES;
				COPY_PHASE_STRIP = NO;
				DEBUG_INFORMATION_FORMAT = "dwarf-with-dsym";
				ENABLE_NS_ASSERTIONS = NO;
				ENABLE_STRICT_OBJC_MSGSEND = YES;
				GCC_C_LANGUAGE_STANDARD = gnu11;
				GCC_NO_COMMON_BLOCKS = YES;
				GCC_WARN_64_TO_32_BIT_CONVERSION = YES;
				GCC_WARN_ABOUT_RETURN_TYPE = YES_ERROR;
				GCC_WARN_UNDECLARED_SELECTOR = YES;
				GCC_WARN_UNINITIALIZED_AUTOS = YES_AGGRESSIVE;
				GCC_WARN_UNUSED_FUNCTION = YES;
				GCC_WARN_UNUSED_VARIABLE = YES;
				IPHONEOS_DEPLOYMENT_TARGET = 13.2;
				MTL_ENABLE_DEBUG_INFO = NO;
				MTL_FAST_MATH = YES;
				SDKROOT = iphoneos;
				VALIDATE_PRODUCT = YES;
			};
			name = Release;
		};
		D479B0112578E4A6007DBC3A /* Debug */ = {
			isa = XCBuildConfiguration;
			buildSettings = {
				ASSETCATALOG_COMPILER_APPICON_NAME = AppIcon;
				CODE_SIGN_STYLE = Automatic;
				DEVELOPMENT_TEAM = T4LF6K955V;
				ENABLE_BITCODE = NO;
				FRAMEWORK_SEARCH_PATHS = (
					"$(inherited)",
					"$(PROJECT_DIR)/handtrackingios",
				);
				INFOPLIST_FILE = handtrackingios/Info.plist;
				LD_RUNPATH_SEARCH_PATHS = (
					"$(inherited)",
					"@executable_path/Frameworks",
				);
				PRODUCT_BUNDLE_IDENTIFIER = com.lyg.mediapipe.handtrackingios;
				PRODUCT_NAME = "$(TARGET_NAME)";
				TARGETED_DEVICE_FAMILY = "1,2";
			};
			name = Debug;
		};
		D479B0122578E4A6007DBC3A /* Release */ = {
			isa = XCBuildConfiguration;
			buildSettings = {
				ASSETCATALOG_COMPILER_APPICON_NAME = AppIcon;
				CODE_SIGN_STYLE = Automatic;
				DEVELOPMENT_TEAM = T4LF6K955V;
				ENABLE_BITCODE = NO;
				FRAMEWORK_SEARCH_PATHS = (
					"$(inherited)",
					"$(PROJECT_DIR)/handtrackingios",
				);
				INFOPLIST_FILE = handtrackingios/Info.plist;
				LD_RUNPATH_SEARCH_PATHS = (
					"$(inherited)",
					"@executable_path/Frameworks",
				);
				PRODUCT_BUNDLE_IDENTIFIER = com.lyg.mediapipe.handtrackingios;
				PRODUCT_NAME = "$(TARGET_NAME)";
				TARGETED_DEVICE_FAMILY = "1,2";
			};
			name = Release;
		};
/* End XCBuildConfiguration section */

/* Begin XCConfigurationList section */
		D479AFF22578E4A5007DBC3A /* Build configuration list for PBXProject "handtrackingios" */ = {
			isa = XCConfigurationList;
			buildConfigurations = (
				D479B00E2578E4A6007DBC3A /* Debug */,
				D479B00F2578E4A6007DBC3A /* Release */,
			);
			defaultConfigurationIsVisible = 0;
			defaultConfigurationName = Release;
		};
		D479B0102578E4A6007DBC3A /* Build configuration list for PBXNativeTarget "handtrackingios" */ = {
			isa = XCConfigurationList;
			buildConfigurations = (
				D479B0112578E4A6007DBC3A /* Debug */,
				D479B0122578E4A6007DBC3A /* Release */,
			);
			defaultConfigurationIsVisible = 0;
			defaultConfigurationName = Release;
		};
/* End XCConfigurationList section */
	};
	rootObject = D479AFEF2578E4A5007DBC3A /* Project object */;
}
