
<Scheme version="1.3" LastUpgradeVersion="1000">
    <BuildAction parallelizeBuildables="YES" buildImplicitDependencies="YES">
        <BuildActionEntries>
            <BuildActionEntry buildForRunning="YES" buildForArchiving="YES" buildForProfiling="YES" buildForTesting="YES" buildForAnalyzing="YES">
                <BuildableReference BuildableIdentifier="primary" BlueprintIdentifier="B06C811F6453A16000000000" BuildableName="FaceMeshGpuAppLib.app" ReferencedContainer="container:Mediapipe.xcodeproj" BlueprintName="FaceMeshGpuAppLib"></BuildableReference>
            </BuildActionEntry>
        </BuildActionEntries>
    </BuildAction>
    <TestAction buildConfiguration="__TulsiTestRunner_Debug" selectedLauncherIdentifier="Xcode.DebuggerFoundation.Launcher.LLDB" shouldUseLaunchSchemeArgsEnv="YES" selectedDebuggerIdentifier="Xcode.DebuggerFoundation.Debugger.LLDB">
        <Testables></Testables>
        <BuildableProductRunnable runnableDebuggingMode="0">
            <BuildableReference BuildableName="FaceMeshGpuAppLib.app" ReferencedContainer="container:Mediapipe.xcodeproj" BlueprintName="FaceMeshGpuAppLib" BuildableIdentifier="primary" BlueprintIdentifier="B06C811F6453A16000000000"></BuildableReference>
        </BuildableProductRunnable>
    </TestAction>
    <LaunchAction ignoresPersistentStateOnLaunch="NO" debugDocumentVersioning="YES" selectedLauncherIdentifier="Xcode.DebuggerFoundation.Launcher.LLDB" debugServiceExtension="internal" buildConfiguration="Debug" allowLocationSimulation="YES" selectedDebuggerIdentifier="Xcode.DebuggerFoundation.Debugger.LLDB" useCustomWorkingDirectory="NO" launchStyle="0">
        <EnvironmentVariables></EnvironmentVariables>
        <BuildableProductRunnable runnableDebuggingMode="0">
            <BuildableReference BuildableName="FaceMeshGpuAppLib.app" BlueprintName="FaceMeshGpuAppLib" ReferencedContainer="container:Mediapipe.xcodeproj" BuildableIdentifier="primary" BlueprintIdentifier="B06C811F6453A16000000000"></BuildableReference>
        </BuildableProductRunnable>
    </LaunchAction>
    <ProfileAction buildConfiguration="__TulsiTestRunner_Release" debugDocumentVersioning="YES" shouldUseLaunchSchemeArgsEnv="YES" useCustomWorkingDirectory="NO">
        <BuildableProductRunnable runnableDebuggingMode="0">
            <BuildableReference BuildableName="FaceMeshGpuAppLib.app" BlueprintName="FaceMeshGpuAppLib" BuildableIdentifier="primary" ReferencedContainer="container:Mediapipe.xcodeproj" BlueprintIdentifier="B06C811F6453A16000000000"></BuildableReference>
        </BuildableProductRunnable>
    </ProfileAction>
    <AnalyzeAction buildConfiguration="Debug"></AnalyzeAction>
    <ArchiveAction buildConfiguration="Release" revealArchiveInOrganizer="YES"></ArchiveAction>
</Scheme>